
Microsoft Visual Studio Solution File, Format Version 12.00
# Visual Studio Version 17
VisualStudioVersion = 17.8.34309.116
MinimumVisualStudioVersion = 10.0.40219.1
Project("{FAE04EC0-301F-11D3-BF4B-00C04F79EFBC}") = "Pakiza", "Pakiza\Pakiza.csproj", "{2E823F83-9C70-465D-9355-D45F9F5AD42F}"
EndProject
Global
	GlobalSection(SolutionConfigurationPlatforms) = preSolution
		Debug|Any CPU = Debug|Any CPU
		Release|Any CPU = Release|Any CPU
	EndGlobalSection
	GlobalSection(ProjectConfigurationPlatforms) = postSolution
		{2E823F83-9C70-465D-9355-D45F9F5AD42F}.Debug|Any CPU.ActiveCfg = Debug|Any CPU
		{2E823F83-9C70-465D-9355-D45F9F5AD42F}.Debug|Any CPU.Build.0 = Debug|Any CPU
		{2E823F83-9C70-465D-9355-D45F9F5AD42F}.Release|Any CPU.ActiveCfg = Release|Any CPU
		{2E823F83-9C70-465D-9355-D45F9F5AD42F}.Release|Any CPU.Build.0 = Release|Any CPU
	EndGlobalSection
	GlobalSection(SolutionProperties) = preSolution
		HideSolutionNode = FALSE
	EndGlobalSection
	GlobalSection(ExtensibilityGlobals) = postSolution
		SolutionGuid = {AF6FD6E3-92E0-498C-8830-C650998C141E}
	EndGlobalSection
EndGlobal
